// !$*UTF8*$!
{
	archiveVersion = 1;
	classes = {
	};
	objectVersion = 46;
	objects = {

/* Begin PBXBuildFile section */
		40110ABA1CDA469000245681 /* SystemConfiguration.framework in Frameworks */ = {isa = PBXBuildFile; fileRef = 40110AB91CDA469000245681 /* SystemConfiguration.framework */; };
		403CACBA1EF00C8000D9DFE7 /* pollfish.framework in Frameworks */ = {isa = PBXBuildFile; fileRef = 403CACB81EF00A0F00D9DFE7 /* pollfish.framework */; };
		405422B11BE8E7A400B6216B /* main.m in Sources */ = {isa = PBXBuildFile; fileRef = 405422B01BE8E7A400B6216B /* main.m */; };
		405422B41BE8E7A400B6216B /* AppDelegate.m in Sources */ = {isa = PBXBuildFile; fileRef = 405422B31BE8E7A400B6216B /* AppDelegate.m */; };
		405422B71BE8E7A400B6216B /* FirstViewController.m in Sources */ = {isa = PBXBuildFile; fileRef = 405422B61BE8E7A400B6216B /* FirstViewController.m */; };
		405422BA1BE8E7A400B6216B /* SecondViewController.m in Sources */ = {isa = PBXBuildFile; fileRef = 405422B91BE8E7A400B6216B /* SecondViewController.m */; };
		405422BD1BE8E7A400B6216B /* Main.storyboard in Resources */ = {isa = PBXBuildFile; fileRef = 405422BB1BE8E7A400B6216B /* Main.storyboard */; };
		405422BF1BE8E7A400B6216B /* Assets.xcassets in Resources */ = {isa = PBXBuildFile; fileRef = 405422BE1BE8E7A400B6216B /* Assets.xcassets */; };
		405422C21BE8E7A400B6216B /* LaunchScreen.storyboard in Resources */ = {isa = PBXBuildFile; fileRef = 405422C01BE8E7A400B6216B /* LaunchScreen.storyboard */; };
		405422CC1BE8E8B300B6216B /* CoreTelephony.framework in Frameworks */ = {isa = PBXBuildFile; fileRef = 405422CB1BE8E8B300B6216B /* CoreTelephony.framework */; };
		405422CE1BE8E8F700B6216B /* AdSupport.framework in Frameworks */ = {isa = PBXBuildFile; fileRef = 405422CD1BE8E8F700B6216B /* AdSupport.framework */; };
/* End PBXBuildFile section */

/* Begin PBXFileReference section */
		40110AB91CDA469000245681 /* SystemConfiguration.framework */ = {isa = PBXFileReference; lastKnownFileType = wrapper.framework; name = SystemConfiguration.framework; path = System/Library/Frameworks/SystemConfiguration.framework; sourceTree = SDKROOT; };
		403B68A91BEA34F800AACD3E /* pollfish.framework */ = {isa = PBXFileReference; lastKnownFileType = wrapper.framework; name = pollfish.framework; path = ../pollfish.framework; sourceTree = "<group>"; };
		403CACB81EF00A0F00D9DFE7 /* pollfish.framework */ = {isa = PBXFileReference; lastKnownFileType = wrapper.framework; path = pollfish.framework; sourceTree = "<group>"; };
		405422AC1BE8E7A400B6216B /* SampleProject.app */ = {isa = PBXFileReference; explicitFileType = wrapper.application; includeInIndex = 0; path = SampleProject.app; sourceTree = BUILT_PRODUCTS_DIR; };
		405422B01BE8E7A400B6216B /* main.m */ = {isa = PBXFileReference; lastKnownFileType = sourcecode.c.objc; path = main.m; sourceTree = "<group>"; };
		405422B21BE8E7A400B6216B /* AppDelegate.h */ = {isa = PBXFileReference; lastKnownFileType = sourcecode.c.h; path = AppDelegate.h; sourceTree = "<group>"; };
		405422B31BE8E7A400B6216B /* AppDelegate.m */ = {isa = PBXFileReference; lastKnownFileType = sourcecode.c.objc; path = AppDelegate.m; sourceTree = "<group>"; };
		405422B51BE8E7A400B6216B /* FirstViewController.h */ = {isa = PBXFileReference; lastKnownFileType = sourcecode.c.h; path = FirstViewController.h; sourceTree = "<group>"; };
		405422B61BE8E7A400B6216B /* FirstViewController.m */ = {isa = PBXFileReference; lastKnownFileType = sourcecode.c.objc; path = FirstViewController.m; sourceTree = "<group>"; };
		405422B81BE8E7A400B6216B /* SecondViewController.h */ = {isa = PBXFileReference; lastKnownFileType = sourcecode.c.h; path = SecondViewController.h; sourceTree = "<group>"; };
		405422B91BE8E7A400B6216B /* SecondViewController.m */ = {isa = PBXFileReference; lastKnownFileType = sourcecode.c.objc; path = SecondViewController.m; sourceTree = "<group>"; };
		405422BC1BE8E7A400B6216B /* Base */ = {isa = PBXFileReference; lastKnownFileType = file.storyboard; name = Base; path = Base.lproj/Main.storyboard; sourceTree = "<group>"; };
		405422BE1BE8E7A400B6216B /* Assets.xcassets */ = {isa = PBXFileReference; lastKnownFileType = folder.assetcatalog; path = Assets.xcassets; sourceTree = "<group>"; };
		405422C11BE8E7A400B6216B /* Base */ = {isa = PBXFileReference; lastKnownFileType = file.storyboard; name = Base; path = Base.lproj/LaunchScreen.storyboard; sourceTree = "<group>"; };
		405422C31BE8E7A400B6216B /* Info.plist */ = {isa = PBXFileReference; lastKnownFileType = text.plist.xml; path = Info.plist; sourceTree = "<group>"; };
		405422CB1BE8E8B300B6216B /* CoreTelephony.framework */ = {isa = PBXFileReference; lastKnownFileType = wrapper.framework; name = CoreTelephony.framework; path = System/Library/Frameworks/CoreTelephony.framework; sourceTree = SDKROOT; };
		405422CD1BE8E8F700B6216B /* AdSupport.framework */ = {isa = PBXFileReference; lastKnownFileType = wrapper.framework; name = AdSupport.framework; path = System/Library/Frameworks/AdSupport.framework; sourceTree = SDKROOT; };
/* End PBXFileReference section */

/* Begin PBXFrameworksBuildPhase section */
		405422A91BE8E7A400B6216B /* Frameworks */ = {
			isa = PBXFrameworksBuildPhase;
			buildActionMask = 2147483647;
			files = (
				403CACBA1EF00C8000D9DFE7 /* pollfish.framework in Frameworks */,
				40110ABA1CDA469000245681 /* SystemConfiguration.framework in Frameworks */,
				405422CE1BE8E8F700B6216B /* AdSupport.framework in Frameworks */,
				405422CC1BE8E8B300B6216B /* CoreTelephony.framework in Frameworks */,
			);
			runOnlyForDeploymentPostprocessing = 0;
		};
/* End PBXFrameworksBuildPhase section */

/* Begin PBXGroup section */
		403CACB71EF00A0F00D9DFE7 /* Frameworks */ = {
			isa = PBXGroup;
			children = (
				403CACB81EF00A0F00D9DFE7 /* pollfish.framework */,
			);
			name = Frameworks;
			sourceTree = "<group>";
		};
		405422A31BE8E7A400B6216B = {
			isa = PBXGroup;
			children = (
				40110AB91CDA469000245681 /* SystemConfiguration.framework */,
				403B68A91BEA34F800AACD3E /* pollfish.framework */,
				405422CD1BE8E8F700B6216B /* AdSupport.framework */,
				405422CB1BE8E8B300B6216B /* CoreTelephony.framework */,
				405422AE1BE8E7A400B6216B /* SampleProject */,
				405422AD1BE8E7A400B6216B /* Products */,
				403CACB71EF00A0F00D9DFE7 /* Frameworks */,
			);
			sourceTree = "<group>";
		};
		405422AD1BE8E7A400B6216B /* Products */ = {
			isa = PBXGroup;
			children = (
				405422AC1BE8E7A400B6216B /* SampleProject.app */,
			);
			name = Products;
			sourceTree = "<group>";
		};
		405422AE1BE8E7A400B6216B /* SampleProject */ = {
			isa = PBXGroup;
			children = (
				405422B21BE8E7A400B6216B /* AppDelegate.h */,
				405422B31BE8E7A400B6216B /* AppDelegate.m */,
				405422B51BE8E7A400B6216B /* FirstViewController.h */,
				405422B61BE8E7A400B6216B /* FirstViewController.m */,
				405422B81BE8E7A400B6216B /* SecondViewController.h */,
				405422B91BE8E7A400B6216B /* SecondViewController.m */,
				405422BB1BE8E7A400B6216B /* Main.storyboard */,
				405422BE1BE8E7A400B6216B /* Assets.xcassets */,
				405422C01BE8E7A400B6216B /* LaunchScreen.storyboard */,
				405422C31BE8E7A400B6216B /* Info.plist */,
				405422AF1BE8E7A400B6216B /* Supporting Files */,
			);
			path = SampleProject;
			sourceTree = "<group>";
		};
		405422AF1BE8E7A400B6216B /* Supporting Files */ = {
			isa = PBXGroup;
			children = (
				405422B01BE8E7A400B6216B /* main.m */,
			);
			name = "Supporting Files";
			sourceTree = "<group>";
		};
/* End PBXGroup section */

/* Begin PBXNativeTarget section */
		405422AB1BE8E7A400B6216B /* SampleProject */ = {
			isa = PBXNativeTarget;
			buildConfigurationList = 405422C61BE8E7A400B6216B /* Build configuration list for PBXNativeTarget "SampleProject" */;
			buildPhases = (
				405422A81BE8E7A400B6216B /* Sources */,
				405422A91BE8E7A400B6216B /* Frameworks */,
				405422AA1BE8E7A400B6216B /* Resources */,
			);
			buildRules = (
			);
			dependencies = (
			);
			name = SampleProject;
			productName = SampleProject;
			productReference = 405422AC1BE8E7A400B6216B /* SampleProject.app */;
			productType = "com.apple.product-type.application";
		};
/* End PBXNativeTarget section */

/* Begin PBXProject section */
		405422A41BE8E7A400B6216B /* Project object */ = {
			isa = PBXProject;
			attributes = {
				LastUpgradeCheck = 0710;
				ORGANIZATIONNAME = POLLFISH;
				TargetAttributes = {
					405422AB1BE8E7A400B6216B = {
						CreatedOnToolsVersion = 7.1;
					};
				};
			};
			buildConfigurationList = 405422A71BE8E7A400B6216B /* Build configuration list for PBXProject "SampleProject" */;
			compatibilityVersion = "Xcode 3.2";
			developmentRegion = English;
			hasScannedForEncodings = 0;
			knownRegions = (
				en,
				Base,
			);
			mainGroup = 405422A31BE8E7A400B6216B;
			productRefGroup = 405422AD1BE8E7A400B6216B /* Products */;
			projectDirPath = "";
			projectRoot = "";
			targets = (
				405422AB1BE8E7A400B6216B /* SampleProject */,
			);
		};
/* End PBXProject section */

/* Begin PBXResourcesBuildPhase section */
		405422AA1BE8E7A400B6216B /* Resources */ = {
			isa = PBXResourcesBuildPhase;
			buildActionMask = 2147483647;
			files = (
				405422C21BE8E7A400B6216B /* LaunchScreen.storyboard in Resources */,
				405422BF1BE8E7A400B6216B /* Assets.xcassets in Resources */,
				405422BD1BE8E7A400B6216B /* Main.storyboard in Resources */,
			);
			runOnlyForDeploymentPostprocessing = 0;
		};
/* End PBXResourcesBuildPhase section */

/* Begin PBXSourcesBuildPhase section */
		405422A81BE8E7A400B6216B /* Sources */ = {
			isa = PBXSourcesBuildPhase;
			buildActionMask = 2147483647;
			files = (
				405422BA1BE8E7A400B6216B /* SecondViewController.m in Sources */,
				405422B41BE8E7A400B6216B /* AppDelegate.m in Sources */,
				405422B71BE8E7A400B6216B /* FirstViewController.m in Sources */,
				405422B11BE8E7A400B6216B /* main.m in Sources */,
			);
			runOnlyForDeploymentPostprocessing = 0;
		};
/* End PBXSourcesBuildPhase section */

/* Begin PBXVariantGroup section */
		405422BB1BE8E7A400B6216B /* Main.storyboard */ = {
			isa = PBXVariantGroup;
			children = (
				405422BC1BE8E7A400B6216B /* Base */,
			);
			name = Main.storyboard;
			sourceTree = "<group>";
		};
		405422C01BE8E7A400B6216B /* LaunchScreen.storyboard */ = {
			isa = PBXVariantGroup;
			children = (
				405422C11BE8E7A400B6216B /* Base */,
			);
			name = LaunchScreen.storyboard;
			sourceTree = "<group>";
		};
/* End PBXVariantGroup section */

/* Begin XCBuildConfiguration section */
		405422C41BE8E7A400B6216B /* Debug */ = {
			isa = XCBuildConfiguration;
			buildSettings = {
				ALWAYS_SEARCH_USER_PATHS = NO;
				CLANG_CXX_LANGUAGE_STANDARD = "gnu++0x";
				CLANG_CXX_LIBRARY = "libc++";
				CLANG_ENABLE_MODULES = YES;
				CLANG_ENABLE_OBJC_ARC = YES;
				CLANG_WARN_BOOL_CONVERSION = YES;
				CLANG_WARN_CONSTANT_CONVERSION = YES;
				CLANG_WARN_DIRECT_OBJC_ISA_USAGE = YES_ERROR;
				CLANG_WARN_EMPTY_BODY = YES;
				CLANG_WARN_ENUM_CONVERSION = YES;
				CLANG_WARN_INT_CONVERSION = YES;
				CLANG_WARN_OBJC_ROOT_CLASS = YES_ERROR;
				CLANG_WARN_UNREACHABLE_CODE = YES;
				CLANG_WARN__DUPLICATE_METHOD_MATCH = YES;
				"CODE_SIGN_IDENTITY[sdk=iphoneos*]" = "iPhone Developer";
				COPY_PHASE_STRIP = NO;
				DEBUG_INFORMATION_FORMAT = dwarf;
				ENABLE_STRICT_OBJC_MSGSEND = YES;
				ENABLE_TESTABILITY = YES;
				GCC_C_LANGUAGE_STANDARD = gnu99;
				GCC_DYNAMIC_NO_PIC = NO;
				GCC_NO_COMMON_BLOCKS = YES;
				GCC_OPTIMIZATION_LEVEL = 0;
				GCC_PREPROCESSOR_DEFINITIONS = (
					"DEBUG=1",
					"$(inherited)",
				);
				GCC_WARN_64_TO_32_BIT_CONVERSION = YES;
				GCC_WARN_ABOUT_RETURN_TYPE = YES_ERROR;
				GCC_WARN_UNDECLARED_SELECTOR = YES;
				GCC_WARN_UNINITIALIZED_AUTOS = YES_AGGRESSIVE;
				GCC_WARN_UNUSED_FUNCTION = YES;
				GCC_WARN_UNUSED_VARIABLE = YES;
				IPHONEOS_DEPLOYMENT_TARGET = 9.1;
				MTL_ENABLE_DEBUG_INFO = YES;
				ONLY_ACTIVE_ARCH = YES;
				SDKROOT = iphoneos;
				TARGETED_DEVICE_FAMILY = "1,2";
			};
			name = Debug;
		};
		405422C51BE8E7A400B6216B /* Release */ = {
			isa = XCBuildConfiguration;
			buildSettings = {
				ALWAYS_SEARCH_USER_PATHS = NO;
				CLANG_CXX_LANGUAGE_STANDARD = "gnu++0x";
				CLANG_CXX_LIBRARY = "libc++";
				CLANG_ENABLE_MODULES = YES;
				CLANG_ENABLE_OBJC_ARC = YES;
				CLANG_WARN_BOOL_CONVERSION = YES;
				CLANG_WARN_CONSTANT_CONVERSION = YES;
				CLANG_WARN_DIRECT_OBJC_ISA_USAGE = YES_ERROR;
				CLANG_WARN_EMPTY_BODY = YES;
				CLANG_WARN_ENUM_CONVERSION = YES;
				CLANG_WARN_INT_CONVERSION = YES;
				CLANG_WARN_OBJC_ROOT_CLASS = YES_ERROR;
				CLANG_WARN_UNREACHABLE_CODE = YES;
				CLANG_WARN__DUPLICATE_METHOD_MATCH = YES;
				"CODE_SIGN_IDENTITY[sdk=iphoneos*]" = "iPhone Developer";
				COPY_PHASE_STRIP = NO;
				DEBUG_INFORMATION_FORMAT = "dwarf-with-dsym";
				ENABLE_NS_ASSERTIONS = NO;
				ENABLE_STRICT_OBJC_MSGSEND = YES;
				GCC_C_LANGUAGE_STANDARD = gnu99;
				GCC_NO_COMMON_BLOCKS = YES;
				GCC_WARN_64_TO_32_BIT_CONVERSION = YES;
				GCC_WARN_ABOUT_RETURN_TYPE = YES_ERROR;
				GCC_WARN_UNDECLARED_SELECTOR = YES;
				GCC_WARN_UNINITIALIZED_AUTOS = YES_AGGRESSIVE;
				GCC_WARN_UNUSED_FUNCTION = YES;
				GCC_WARN_UNUSED_VARIABLE = YES;
				IPHONEOS_DEPLOYMENT_TARGET = 9.1;
				MTL_ENABLE_DEBUG_INFO = NO;
				SDKROOT = iphoneos;
				TARGETED_DEVICE_FAMILY = "1,2";
				VALIDATE_PRODUCT = YES;
			};
			name = Release;
		};
		405422C71BE8E7A400B6216B /* Debug */ = {
			isa = XCBuildConfiguration;
			buildSettings = {
				ASSETCATALOG_COMPILER_APPICON_NAME = AppIcon;
				DEVELOPMENT_TEAM = "";
				ENABLE_BITCODE = YES;
				FRAMEWORK_SEARCH_PATHS = (
					../,
					"$(PROJECT_DIR)",
				);
				INFOPLIST_FILE = SampleProject/Info.plist;
				IPHONEOS_DEPLOYMENT_TARGET = 9.1;
				LD_RUNPATH_SEARCH_PATHS = "$(inherited) @executable_path/Frameworks";
				PRODUCT_BUNDLE_IDENTIFIER = com.pollfish.sampleproject.SampleProject;
				PRODUCT_NAME = "$(TARGET_NAME)";
			};
			name = Debug;
		};
		405422C81BE8E7A400B6216B /* Release */ = {
			isa = XCBuildConfiguration;
			buildSettings = {
				ASSETCATALOG_COMPILER_APPICON_NAME = AppIcon;
				DEVELOPMENT_TEAM = "";
				ENABLE_BITCODE = YES;
				FRAMEWORK_SEARCH_PATHS = (
					../,
					"$(PROJECT_DIR)",
				);
				INFOPLIST_FILE = SampleProject/Info.plist;
				IPHONEOS_DEPLOYMENT_TARGET = 9.1;
				LD_RUNPATH_SEARCH_PATHS = "$(inherited) @executable_path/Frameworks";
				PRODUCT_BUNDLE_IDENTIFIER = com.pollfish.sampleproject.SampleProject;
				PRODUCT_NAME = "$(TARGET_NAME)";
			};
			name = Release;
		};
/* End XCBuildConfiguration section */

/* Begin XCConfigurationList section */
		405422A71BE8E7A400B6216B /* Build configuration list for PBXProject "SampleProject" */ = {
			isa = XCConfigurationList;
			buildConfigurations = (
				405422C41BE8E7A400B6216B /* Debug */,
				405422C51BE8E7A400B6216B /* Release */,
			);
			defaultConfigurationIsVisible = 0;
			defaultConfigurationName = Release;
		};
		405422C61BE8E7A400B6216B /* Build configuration list for PBXNativeTarget "SampleProject" */ = {
			isa = XCConfigurationList;
			buildConfigurations = (
				405422C71BE8E7A400B6216B /* Debug */,
				405422C81BE8E7A400B6216B /* Release */,
			);
			defaultConfigurationIsVisible = 0;
			defaultConfigurationName = Release;
		};
/* End XCConfigurationList section */
	};
	rootObject = 405422A41BE8E7A400B6216B /* Project object */;
}
